PODS:
  - RxCocoa (2.6.0):
    - RxSwift (~> 2.5)
  - RxErrorTracker (0.1.0):
    - RxCocoa (~> 2.6)
    - RxSwift (~> 2.6)
  - RxSwift (2.6.0)

DEPENDENCIES:
  - RxErrorTracker (from `../`)

EXTERNAL SOURCES:
  RxErrorTracker:
    :path: "../"

SPEC CHECKSUMS:
  RxCocoa: 89ab00d5753502520227940e3a0e0a0413683c6b
  RxErrorTracker: 7680d7ab894f5680090d21be21b451bfc971620f
  RxSwift: 77f3a0b15324baa7a1c9bfa9f199648a82424e26

PODFILE CHECKSUM: 0a8762e97a4c8967428ba3a5275122fb6646ab10

COCOAPODS: 1.0.1
